
Microsoft Visual Studio Solution File, Format Version 12.00
# Visual Studio Version 17
VisualStudioVersion = 17.13.35825.156 d17.13
MinimumVisualStudioVersion = 10.0.40219.1
Project("{8BC9CEB8-8B4A-11D0-8D11-00A0C91BC942}") = "EducationSystem", "EducationSystem.vcxproj", "{FABE104F-91C7-4227-8DE6-5B55576A1D3F}"
EndProject
Global
	GlobalSection(SolutionConfigurationPlatforms) = preSolution
		Debug|x64 = Debug|x64
		Debug|x86 = Debug|x86
		Release|x64 = Release|x64
		Release|x86 = Release|x86
	EndGlobalSection
	GlobalSection(ProjectConfigurationPlatforms) = postSolution
		{FABE104F-91C7-4227-8DE6-5B55576A1D3F}.Debug|x64.ActiveCfg = Debug|x64
		{FABE104F-91C7-4227-8DE6-5B55576A1D3F}.Debug|x64.Build.0 = Debug|x64
		{FABE104F-91C7-4227-8DE6-5B55576A1D3F}.Debug|x86.ActiveCfg = Debug|Win32
		{FABE104F-91C7-4227-8DE6-5B55576A1D3F}.Debug|x86.Build.0 = Debug|Win32
		{FABE104F-91C7-4227-8DE6-5B55576A1D3F}.Release|x64.ActiveCfg = Release|x64
		{FABE104F-91C7-4227-8DE6-5B55576A1D3F}.Release|x64.Build.0 = Release|x64
		{FABE104F-91C7-4227-8DE6-5B55576A1D3F}.Release|x86.ActiveCfg = Release|Win32
		{FABE104F-91C7-4227-8DE6-5B55576A1D3F}.Release|x86.Build.0 = Release|Win32
	EndGlobalSection
	GlobalSection(SolutionProperties) = preSolution
		HideSolutionNode = FALSE
	EndGlobalSection
	GlobalSection(ExtensibilityGlobals) = postSolution
		SolutionGuid = {0A961192-9F4A-4EE4-985C-C20492F55A5D}
	EndGlobalSection
EndGlobal
